
Microsoft Visual Studio Solution File, Format Version 12.00
# Visual Studio Version 16
VisualStudioVersion = 16.0.31729.503
MinimumVisualStudioVersion = 10.0.40219.1
Project("{FAE04EC0-301F-11D3-BF4B-00C04F79EFBC}") = "LMS", "LMS\LMS.csproj", "{BBCB660E-73F3-4182-BBC5-831BFAD80C90}"
EndProject
Global
	GlobalSection(SolutionConfigurationPlatforms) = preSolution
		Debug|Any CPU = Debug|Any CPU
		Release|Any CPU = Release|Any CPU
	EndGlobalSection
	GlobalSection(ProjectConfigurationPlatforms) = postSolution
		{BBCB660E-73F3-4182-BBC5-831BFAD80C90}.Debug|Any CPU.ActiveCfg = Debug|Any CPU
		{BBCB660E-73F3-4182-BBC5-831BFAD80C90}.Debug|Any CPU.Build.0 = Debug|Any CPU
		{BBCB660E-73F3-4182-BBC5-831BFAD80C90}.Release|Any CPU.ActiveCfg = Release|Any CPU
		{BBCB660E-73F3-4182-BBC5-831BFAD80C90}.Release|Any CPU.Build.0 = Release|Any CPU
	EndGlobalSection
	GlobalSection(SolutionProperties) = preSolution
		HideSolutionNode = FALSE
	EndGlobalSection
	GlobalSection(ExtensibilityGlobals) = postSolution
		SolutionGuid = {EEA4C1EC-0172-4CD2-BD69-DAEE0DD0A697}
	EndGlobalSection
EndGlobal
